
Microsoft Visual Studio Solution File, Format Version 12.00
# Visual Studio Version 17
VisualStudioVersion = 17.6.33723.286
MinimumVisualStudioVersion = 10.0.40219.1
Project("{FAE04EC0-301F-11D3-BF4B-00C04F79EFBC}") = "CrudAngular", "CrudAngular\CrudAngular.csproj", "{91B8A408-F821-40A9-BC14-B3FCADFDD447}"
EndProject
Global
	GlobalSection(SolutionConfigurationPlatforms) = preSolution
		Debug|Any CPU = Debug|Any CPU
		Release|Any CPU = Release|Any CPU
	EndGlobalSection
	GlobalSection(ProjectConfigurationPlatforms) = postSolution
		{91B8A408-F821-40A9-BC14-B3FCADFDD447}.Debug|Any CPU.ActiveCfg = Debug|Any CPU
		{91B8A408-F821-40A9-BC14-B3FCADFDD447}.Debug|Any CPU.Build.0 = Debug|Any CPU
		{91B8A408-F821-40A9-BC14-B3FCADFDD447}.Release|Any CPU.ActiveCfg = Release|Any CPU
		{91B8A408-F821-40A9-BC14-B3FCADFDD447}.Release|Any CPU.Build.0 = Release|Any CPU
	EndGlobalSection
	GlobalSection(SolutionProperties) = preSolution
		HideSolutionNode = FALSE
	EndGlobalSection
	GlobalSection(ExtensibilityGlobals) = postSolution
		SolutionGuid = {7179F7BE-795A-41D0-A289-3B1E29B6746A}
	EndGlobalSection
EndGlobal
